
Microsoft Visual Studio Solution File, Format Version 12.00
# Visual Studio Version 16
VisualStudioVersion = 16.0.33214.272
MinimumVisualStudioVersion = 10.0.40219.1
Project("{FAE04EC0-301F-11D3-BF4B-00C04F79EFBC}") = "AutoCAD_DimLine_test001", "AutoCAD_DimLine_test001\AutoCAD_DimLine_test001.csproj", "{C507281A-9E90-45B2-90F7-E1F72EBDFC63}"
EndProject
Global
	GlobalSection(SolutionConfigurationPlatforms) = preSolution
		Debug|Any CPU = Debug|Any CPU
		Release|Any CPU = Release|Any CPU
	EndGlobalSection
	GlobalSection(ProjectConfigurationPlatforms) = postSolution
		{C507281A-9E90-45B2-90F7-E1F72EBDFC63}.Debug|Any CPU.ActiveCfg = Debug|Any CPU
		{C507281A-9E90-45B2-90F7-E1F72EBDFC63}.Debug|Any CPU.Build.0 = Debug|Any CPU
		{C507281A-9E90-45B2-90F7-E1F72EBDFC63}.Release|Any CPU.ActiveCfg = Release|Any CPU
		{C507281A-9E90-45B2-90F7-E1F72EBDFC63}.Release|Any CPU.Build.0 = Release|Any CPU
	EndGlobalSection
	GlobalSection(SolutionProperties) = preSolution
		HideSolutionNode = FALSE
	EndGlobalSection
	GlobalSection(ExtensibilityGlobals) = postSolution
		SolutionGuid = {47F80FAA-6252-4EBB-98B6-3AA1C799168A}
	EndGlobalSection
EndGlobal
